
Microsoft Visual Studio Solution File, Format Version 12.00
# Visual Studio Version 16
VisualStudioVersion = 16.0.28803.352
MinimumVisualStudioVersion = 10.0.40219.1
Project("{FAE04EC0-301F-11D3-BF4B-00C04F79EFBC}") = "WebMVC1", "WebMVC1\WebMVC1.csproj", "{5458F0D7-D81F-4A5B-99D3-833169689E16}"
EndProject
Global
	GlobalSection(SolutionConfigurationPlatforms) = preSolution
		Debug|Any CPU = Debug|Any CPU
		Release|Any CPU = Release|Any CPU
	EndGlobalSection
	GlobalSection(ProjectConfigurationPlatforms) = postSolution
		{5458F0D7-D81F-4A5B-99D3-833169689E16}.Debug|Any CPU.ActiveCfg = Debug|Any CPU
		{5458F0D7-D81F-4A5B-99D3-833169689E16}.Debug|Any CPU.Build.0 = Debug|Any CPU
		{5458F0D7-D81F-4A5B-99D3-833169689E16}.Release|Any CPU.ActiveCfg = Release|Any CPU
		{5458F0D7-D81F-4A5B-99D3-833169689E16}.Release|Any CPU.Build.0 = Release|Any CPU
	EndGlobalSection
	GlobalSection(SolutionProperties) = preSolution
		HideSolutionNode = FALSE
	EndGlobalSection
	GlobalSection(ExtensibilityGlobals) = postSolution
		SolutionGuid = {F7294B25-65C6-4643-9A87-014BCED025B4}
	EndGlobalSection
EndGlobal
